uuid: 26d5099a-cc65-4086-b6ed-e2f3fd4442a3
langcode: en
status: false
dependencies:
  config:
    - webform.webform.contact
  module:
    - block_class
    - wxt_ext_webform
    - wxt_library
  theme:
    - grstheme_bootstrap
third_party_settings:
  block_class:
    classes: 'col-sm-6 col-md-5 col-lg-4'
_core:
  default_config_hash: mB9tvJ1UHyTFfTG-tCGMD0Oy9QeuMr9hLJGz2cikKqs
id: grstheme_bootstrap_reportproblemblock
theme: grstheme_bootstrap
region: content_footer
weight: -11
provider: null
plugin: report_problem_block
settings:
  id: report_problem_block
  label: 'Report Problem block'
  provider: wxt_ext_webform
  label_display: '0'
  webform_id: contact
  inline_webform: ''
  report_problem_settings:
    webform_id: ''
    default_data: ''
    redirect: false
  default_data:
    webform_id: contact
    default_data: ''
    redirect: true
  redirect: true
visibility:
  panels_title:
    id: panels_title
    enabled: 0
    negate: false
    context_mapping: {  }
